
Microsoft Visual Studio Solution File, Format Version 12.00
# Visual Studio Version 16
VisualStudioVersion = 16.0.30517.126
MinimumVisualStudioVersion = 10.0.40219.1
Project("{9A19103F-16F7-4668-BE54-9A1E7A4F7556}") = "FirstProject", "FirstProject.csproj", "{F086BD19-270F-4DA6-8325-5354F204C697}"
EndProject
Global
	GlobalSection(SolutionConfigurationPlatforms) = preSolution
		Debug|Any CPU = Debug|Any CPU
		Release|Any CPU = Release|Any CPU
	EndGlobalSection
	GlobalSection(ProjectConfigurationPlatforms) = postSolution
		{F086BD19-270F-4DA6-8325-5354F204C697}.Debug|Any CPU.ActiveCfg = Debug|Any CPU
		{F086BD19-270F-4DA6-8325-5354F204C697}.Debug|Any CPU.Build.0 = Debug|Any CPU
		{F086BD19-270F-4DA6-8325-5354F204C697}.Release|Any CPU.ActiveCfg = Release|Any CPU
		{F086BD19-270F-4DA6-8325-5354F204C697}.Release|Any CPU.Build.0 = Release|Any CPU
	EndGlobalSection
	GlobalSection(SolutionProperties) = preSolution
		HideSolutionNode = FALSE
	EndGlobalSection
	GlobalSection(ExtensibilityGlobals) = postSolution
		SolutionGuid = {51F22703-4397-46C8-BC38-C5868E9062F5}
	EndGlobalSection
EndGlobal
